{
  "nodes": {
    "nixpkgs": {
      "locked": {
        "lastModified": 1670700605,
        "narHash": "sha256-5dlpATkcyITpdtMflhltuD+A3RNpsVI1Mb+dtKkll6Y=",
        "owner": "NixOS",
        "repo": "nixpkgs",
        "rev": "7b9eeb856cbf976482fa8d1cb295ea03fb3e1277",
        "type": "github"
      },
      "original": {
        "owner": "NixOS",
        "ref": "nixos-22.05",
        "repo": "nixpkgs",
        "type": "github"
      }
    },
    "root": {
      "inputs": {
        "nixpkgs": "nixpkgs"
      }
    }
  },
  "root": "root",
  "version": 7
}
