<?xml version="1.0" encoding="utf-8"?>
<Project ToolsVersion="17.0" xmlns="http://schemas.microsoft.com/developer/msbuild/2003">
  <ItemGroup>
    <ClCompile Include="C:\Users\samue\repos\auto-win-msvc\rewritten_src\tests\unit\s2n_recv_buffering_test.c">
      <Filter>Source Files</Filter>
    </ClCompile>
    <ClCompile Include="C:\Users\samue\repos\auto-win-msvc\dummy_main.c">
      <Filter>Source Files</Filter>
    </ClCompile>
  </ItemGroup>
  <ItemGroup>
    <CustomBuild Include="C:\Users\samue\repos\s2n-tls\CMakeLists.txt" />
  </ItemGroup>
  <ItemGroup>
    <Filter Include="Source Files">
      <UniqueIdentifier>{F193FAB3-4434-3B26-B4B1-78E30192E09B}</UniqueIdentifier>
    </Filter>
  </ItemGroup>
</Project>
